
Microsoft Visual Studio Solution File, Format Version 11.00
# Visual Studio 2010
Project("{FAE04EC0-301F-11D3-BF4B-00C04F79EFBC}") = "CloudFoundry.Net.Dea", "src\CloudFoundry.Net.Dea\CloudFoundry.Net.Dea.csproj", "{9E0B2522-39F5-4AC4-BF2F-A7C6B16C9EAA}"
EndProject
Project("{FAE04EC0-301F-11D3-BF4B-00C04F79EFBC}") = "CloudFoundry.Net.Dea.Service", "src\CloudFoundry.Net.Dea.Service\CloudFoundry.Net.Dea.Service.csproj", "{8704AF02-615E-4679-B183-FB7164408FA0}"
EndProject
Project("{FAE04EC0-301F-11D3-BF4B-00C04F79EFBC}") = "CloudFoundry.Net.Vmc", "src\CloudFoundry.Net.Vmc\CloudFoundry.Net.Vmc.csproj", "{E74BD185-0E4A-4634-92FC-3623E26C4E56}"
EndProject
Project("{FAE04EC0-301F-11D3-BF4B-00C04F79EFBC}") = "CloudFoundry.Net.Vmc.Cli", "src\CloudFoundry.Net.Vmc.Cli\CloudFoundry.Net.Vmc.Cli.csproj", "{61CEB826-82CF-4DFB-A2CC-10F80F8326A2}"
EndProject
Project("{2150E333-8FDC-42A3-9474-1A3956D46DE8}") = "src", "src", "{612435DA-4BBF-49B5-B0AA-36E6529C1D8B}"
EndProject
Project("{2150E333-8FDC-42A3-9474-1A3956D46DE8}") = "test", "test", "{9E04D2BE-86B8-47B9-809D-84506CFDF42D}"
EndProject
Project("{2150E333-8FDC-42A3-9474-1A3956D46DE8}") = "docs", "docs", "{097A69C8-07B2-435F-896F-D81AA9C58284}"
	ProjectSection(SolutionItems) = preProject
		docs\CloudFoundry.Net.Dea.README.txt = docs\CloudFoundry.Net.Dea.README.txt
	EndProjectSection
EndProject
Project("{FAE04EC0-301F-11D3-BF4B-00C04F79EFBC}") = "CloudFoundry.Net.Dea.Test", "test\CloudFoundry.Net.Dea.Test\CloudFoundry.Net.Dea.Test.csproj", "{5FDC7FB1-A8F5-4CBE-B4C4-8E07365BC37A}"
EndProject
Project("{FAE04EC0-301F-11D3-BF4B-00C04F79EFBC}") = "CloudFoundry.Net.VsExtension", "src\CloudFoundry.Net.VsExtension\CloudFoundry.Net.VsExtension.csproj", "{8393BB9D-7606-46AA-A399-8008F686CB7D}"
EndProject
Project("{2150E333-8FDC-42A3-9474-1A3956D46DE8}") = "common", "common", "{698503AC-EC27-439E-8E0B-9FD89901C91B}"
	ProjectSection(SolutionItems) = preProject
		common\CloudFoundry.snk = common\CloudFoundry.snk
	EndProjectSection
EndProject
Project("{FAE04EC0-301F-11D3-BF4B-00C04F79EFBC}") = "CloudFoundry.VS2k10_IntegrationTests", "test\CloudFoundry.Net.VsExtension.IntegrationTests\CloudFoundry.VS2k10_IntegrationTests.csproj", "{A8CFDA2B-D3B9-4DA7-A1E6-B12EE338DC12}"
EndProject
Project("{FAE04EC0-301F-11D3-BF4B-00C04F79EFBC}") = "CloudFoundry.VS2k10_UnitTests", "test\CloudFoundry.Net.VsExtension.UnitTests\CloudFoundry.VS2k10_UnitTests.csproj", "{053EA5DD-4BBB-417A-8314-589A9C48413A}"
EndProject
Project("{FAE04EC0-301F-11D3-BF4B-00C04F79EFBC}") = "CloudFoundry.Net", "src\CloudFoundry.Net\CloudFoundry.Net.csproj", "{506CCDF4-11FE-4138-8061-25495EEBF8E0}"
EndProject
Project("{FAE04EC0-301F-11D3-BF4B-00C04F79EFBC}") = "CloudFoundry.Net.Types.Test", "test\CloudFoundry.Net.Types.Test\CloudFoundry.Net.Types.Test.csproj", "{196F323E-74FE-4EA6-9344-D4BFB98BEA7C}"
EndProject
Project("{2150E333-8FDC-42A3-9474-1A3956D46DE8}") = "images", "images", "{63D980C4-727A-4473-8BFA-8966B5AF1681}"
	ProjectSection(SolutionItems) = preProject
		images\cloud_droplet.png = images\cloud_droplet.png
		images\cloud_foundry_eclipse_icon.png = images\cloud_foundry_eclipse_icon.png
		images\cloud_foundry_icon.ico = images\cloud_foundry_icon.ico
		images\cloud_foundry_logo.png = images\cloud_foundry_logo.png
		images\cloud_foundry_logo_400.png = images\cloud_foundry_logo_400.png
		images\cloud_foundry_logo_600.png = images\cloud_foundry_logo_600.png
		images\cloud_play.png = images\cloud_play.png
		images\CloudFoundrySmall.ico = images\CloudFoundrySmall.ico
		images\deploy.png = images\deploy.png
		images\Images_24bit.bmp = images\Images_24bit.bmp
		images\server.png = images\server.png
	EndProjectSection
EndProject
Project("{FAE04EC0-301F-11D3-BF4B-00C04F79EFBC}") = "CloudFoundry.Net.VsExtension.Ui.Application", "CloudFoundry.Net.VsExtension.Ui.Application\CloudFoundry.Net.VsExtension.Ui.Application.csproj", "{8FA37E43-3BAD-4287-B873-253A2A1AF227}"
EndProject
Project("{FAE04EC0-301F-11D3-BF4B-00C04F79EFBC}") = "CloudFoundry.Net.VsExtension.Ui.Controls", "CloudFoundry.Net.VsExtension.Ui.Controls\CloudFoundry.Net.VsExtension.Ui.Controls.csproj", "{C6E076BF-108A-4379-AE35-8F47059F4331}"
EndProject
Global
	GlobalSection(SolutionConfigurationPlatforms) = preSolution
		Debug|Any CPU = Debug|Any CPU
		Release|Any CPU = Release|Any CPU
	EndGlobalSection
	GlobalSection(ProjectConfigurationPlatforms) = postSolution
		{9E0B2522-39F5-4AC4-BF2F-A7C6B16C9EAA}.Debug|Any CPU.ActiveCfg = Debug|Any CPU
		{9E0B2522-39F5-4AC4-BF2F-A7C6B16C9EAA}.Debug|Any CPU.Build.0 = Debug|Any CPU
		{9E0B2522-39F5-4AC4-BF2F-A7C6B16C9EAA}.Release|Any CPU.ActiveCfg = Release|Any CPU
		{9E0B2522-39F5-4AC4-BF2F-A7C6B16C9EAA}.Release|Any CPU.Build.0 = Release|Any CPU
		{8704AF02-615E-4679-B183-FB7164408FA0}.Debug|Any CPU.ActiveCfg = Debug|Any CPU
		{8704AF02-615E-4679-B183-FB7164408FA0}.Debug|Any CPU.Build.0 = Debug|Any CPU
		{8704AF02-615E-4679-B183-FB7164408FA0}.Release|Any CPU.ActiveCfg = Release|Any CPU
		{8704AF02-615E-4679-B183-FB7164408FA0}.Release|Any CPU.Build.0 = Release|Any CPU
		{E74BD185-0E4A-4634-92FC-3623E26C4E56}.Debug|Any CPU.ActiveCfg = Debug|Any CPU
		{E74BD185-0E4A-4634-92FC-3623E26C4E56}.Debug|Any CPU.Build.0 = Debug|Any CPU
		{E74BD185-0E4A-4634-92FC-3623E26C4E56}.Release|Any CPU.ActiveCfg = Release|Any CPU
		{E74BD185-0E4A-4634-92FC-3623E26C4E56}.Release|Any CPU.Build.0 = Release|Any CPU
		{61CEB826-82CF-4DFB-A2CC-10F80F8326A2}.Debug|Any CPU.ActiveCfg = Debug|Any CPU
		{61CEB826-82CF-4DFB-A2CC-10F80F8326A2}.Debug|Any CPU.Build.0 = Debug|Any CPU
		{61CEB826-82CF-4DFB-A2CC-10F80F8326A2}.Release|Any CPU.ActiveCfg = Release|Any CPU
		{61CEB826-82CF-4DFB-A2CC-10F80F8326A2}.Release|Any CPU.Build.0 = Release|Any CPU
		{5FDC7FB1-A8F5-4CBE-B4C4-8E07365BC37A}.Debug|Any CPU.ActiveCfg = Debug|Any CPU
		{5FDC7FB1-A8F5-4CBE-B4C4-8E07365BC37A}.Debug|Any CPU.Build.0 = Debug|Any CPU
		{5FDC7FB1-A8F5-4CBE-B4C4-8E07365BC37A}.Release|Any CPU.ActiveCfg = Release|Any CPU
		{5FDC7FB1-A8F5-4CBE-B4C4-8E07365BC37A}.Release|Any CPU.Build.0 = Release|Any CPU
		{8393BB9D-7606-46AA-A399-8008F686CB7D}.Debug|Any CPU.ActiveCfg = Debug|Any CPU
		{8393BB9D-7606-46AA-A399-8008F686CB7D}.Debug|Any CPU.Build.0 = Debug|Any CPU
		{8393BB9D-7606-46AA-A399-8008F686CB7D}.Release|Any CPU.ActiveCfg = Release|Any CPU
		{8393BB9D-7606-46AA-A399-8008F686CB7D}.Release|Any CPU.Build.0 = Release|Any CPU
		{A8CFDA2B-D3B9-4DA7-A1E6-B12EE338DC12}.Debug|Any CPU.ActiveCfg = Debug|Any CPU
		{A8CFDA2B-D3B9-4DA7-A1E6-B12EE338DC12}.Debug|Any CPU.Build.0 = Debug|Any CPU
		{A8CFDA2B-D3B9-4DA7-A1E6-B12EE338DC12}.Release|Any CPU.ActiveCfg = Release|Any CPU
		{A8CFDA2B-D3B9-4DA7-A1E6-B12EE338DC12}.Release|Any CPU.Build.0 = Release|Any CPU
		{053EA5DD-4BBB-417A-8314-589A9C48413A}.Debug|Any CPU.ActiveCfg = Debug|Any CPU
		{053EA5DD-4BBB-417A-8314-589A9C48413A}.Debug|Any CPU.Build.0 = Debug|Any CPU
		{053EA5DD-4BBB-417A-8314-589A9C48413A}.Release|Any CPU.ActiveCfg = Release|Any CPU
		{053EA5DD-4BBB-417A-8314-589A9C48413A}.Release|Any CPU.Build.0 = Release|Any CPU
		{506CCDF4-11FE-4138-8061-25495EEBF8E0}.Debug|Any CPU.ActiveCfg = Debug|Any CPU
		{506CCDF4-11FE-4138-8061-25495EEBF8E0}.Debug|Any CPU.Build.0 = Debug|Any CPU
		{506CCDF4-11FE-4138-8061-25495EEBF8E0}.Release|Any CPU.ActiveCfg = Release|Any CPU
		{506CCDF4-11FE-4138-8061-25495EEBF8E0}.Release|Any CPU.Build.0 = Release|Any CPU
		{196F323E-74FE-4EA6-9344-D4BFB98BEA7C}.Debug|Any CPU.ActiveCfg = Debug|Any CPU
		{196F323E-74FE-4EA6-9344-D4BFB98BEA7C}.Debug|Any CPU.Build.0 = Debug|Any CPU
		{196F323E-74FE-4EA6-9344-D4BFB98BEA7C}.Release|Any CPU.ActiveCfg = Release|Any CPU
		{196F323E-74FE-4EA6-9344-D4BFB98BEA7C}.Release|Any CPU.Build.0 = Release|Any CPU
		{8FA37E43-3BAD-4287-B873-253A2A1AF227}.Debug|Any CPU.ActiveCfg = Debug|x86
		{8FA37E43-3BAD-4287-B873-253A2A1AF227}.Debug|Mixed Platforms.ActiveCfg = Debug|x86
		{8FA37E43-3BAD-4287-B873-253A2A1AF227}.Debug|Mixed Platforms.Build.0 = Debug|x86
		{8FA37E43-3BAD-4287-B873-253A2A1AF227}.Debug|x86.ActiveCfg = Debug|x86
		{8FA37E43-3BAD-4287-B873-253A2A1AF227}.Debug|x86.Build.0 = Debug|x86
		{8FA37E43-3BAD-4287-B873-253A2A1AF227}.Release|Any CPU.ActiveCfg = Release|x86
		{8FA37E43-3BAD-4287-B873-253A2A1AF227}.Release|Mixed Platforms.ActiveCfg = Release|x86
		{8FA37E43-3BAD-4287-B873-253A2A1AF227}.Release|Mixed Platforms.Build.0 = Release|x86
		{8FA37E43-3BAD-4287-B873-253A2A1AF227}.Release|x86.ActiveCfg = Release|x86
		{8FA37E43-3BAD-4287-B873-253A2A1AF227}.Release|x86.Build.0 = Release|x86
		{C6E076BF-108A-4379-AE35-8F47059F4331}.Debug|Any CPU.ActiveCfg = Debug|Any CPU
		{C6E076BF-108A-4379-AE35-8F47059F4331}.Debug|Any CPU.Build.0 = Debug|Any CPU
		{C6E076BF-108A-4379-AE35-8F47059F4331}.Debug|Mixed Platforms.ActiveCfg = Debug|Any CPU
		{C6E076BF-108A-4379-AE35-8F47059F4331}.Debug|Mixed Platforms.Build.0 = Debug|Any CPU
		{C6E076BF-108A-4379-AE35-8F47059F4331}.Debug|x86.ActiveCfg = Debug|Any CPU
		{C6E076BF-108A-4379-AE35-8F47059F4331}.Release|Any CPU.ActiveCfg = Release|Any CPU
		{C6E076BF-108A-4379-AE35-8F47059F4331}.Release|Any CPU.Build.0 = Release|Any CPU
		{C6E076BF-108A-4379-AE35-8F47059F4331}.Release|Mixed Platforms.ActiveCfg = Release|Any CPU
		{C6E076BF-108A-4379-AE35-8F47059F4331}.Release|Mixed Platforms.Build.0 = Release|Any CPU
		{C6E076BF-108A-4379-AE35-8F47059F4331}.Release|x86.ActiveCfg = Release|Any CPU
	EndGlobalSection
	GlobalSection(SolutionProperties) = preSolution
		HideSolutionNode = FALSE
	EndGlobalSection
	GlobalSection(NestedProjects) = preSolution
		{8704AF02-615E-4679-B183-FB7164408FA0} = {612435DA-4BBF-49B5-B0AA-36E6529C1D8B}
		{E74BD185-0E4A-4634-92FC-3623E26C4E56} = {612435DA-4BBF-49B5-B0AA-36E6529C1D8B}
		{61CEB826-82CF-4DFB-A2CC-10F80F8326A2} = {612435DA-4BBF-49B5-B0AA-36E6529C1D8B}
		{9E0B2522-39F5-4AC4-BF2F-A7C6B16C9EAA} = {612435DA-4BBF-49B5-B0AA-36E6529C1D8B}
		{8393BB9D-7606-46AA-A399-8008F686CB7D} = {612435DA-4BBF-49B5-B0AA-36E6529C1D8B}
		{506CCDF4-11FE-4138-8061-25495EEBF8E0} = {612435DA-4BBF-49B5-B0AA-36E6529C1D8B}
		{8FA37E43-3BAD-4287-B873-253A2A1AF227} = {612435DA-4BBF-49B5-B0AA-36E6529C1D8B}
		{C6E076BF-108A-4379-AE35-8F47059F4331} = {612435DA-4BBF-49B5-B0AA-36E6529C1D8B}
		{5FDC7FB1-A8F5-4CBE-B4C4-8E07365BC37A} = {9E04D2BE-86B8-47B9-809D-84506CFDF42D}
		{A8CFDA2B-D3B9-4DA7-A1E6-B12EE338DC12} = {9E04D2BE-86B8-47B9-809D-84506CFDF42D}
		{053EA5DD-4BBB-417A-8314-589A9C48413A} = {9E04D2BE-86B8-47B9-809D-84506CFDF42D}
		{196F323E-74FE-4EA6-9344-D4BFB98BEA7C} = {9E04D2BE-86B8-47B9-809D-84506CFDF42D}
	EndGlobalSection
EndGlobal
