
Microsoft Visual Studio Solution File, Format Version 12.00
# Visual Studio 2012
Project("{2150E333-8FDC-42A3-9474-1A3956D46DE8}") = "src", "src", "{612435DA-4BBF-49B5-B0AA-36E6529C1D8B}"
EndProject
Project("{2150E333-8FDC-42A3-9474-1A3956D46DE8}") = "test", "test", "{9E04D2BE-86B8-47B9-809D-84506CFDF42D}"
EndProject
Project("{2150E333-8FDC-42A3-9474-1A3956D46DE8}") = "common", "common", "{698503AC-EC27-439E-8E0B-9FD89901C91B}"
	ProjectSection(SolutionItems) = preProject
		build.bat = build.bat
		src\shared\CommonAssemblyInfo.cs = src\shared\CommonAssemblyInfo.cs
		src\shared\ExtensionMethods.cs = src\shared\ExtensionMethods.cs
		common\IronFoundry.snk = common\IronFoundry.snk
		LICENSE.txt = LICENSE.txt
	EndProjectSection
EndProject
Project("{2150E333-8FDC-42A3-9474-1A3956D46DE8}") = "images", "images", "{63D980C4-727A-4473-8BFA-8966B5AF1681}"
	ProjectSection(SolutionItems) = preProject
		images\cloud_droplet.png = images\cloud_droplet.png
		images\cloud_foundry_eclipse_icon.png = images\cloud_foundry_eclipse_icon.png
		images\cloud_foundry_icon.ico = images\cloud_foundry_icon.ico
		images\cloud_foundry_logo.png = images\cloud_foundry_logo.png
		images\cloud_foundry_logo_400.png = images\cloud_foundry_logo_400.png
		images\cloud_foundry_logo_600.png = images\cloud_foundry_logo_600.png
		images\cloud_play.png = images\cloud_play.png
		images\CloudFoundrySmall.ico = images\CloudFoundrySmall.ico
		images\deploy.png = images\deploy.png
		images\Images_24bit.bmp = images\Images_24bit.bmp
		images\server.png = images\server.png
	EndProjectSection
EndProject
Project("{2150E333-8FDC-42A3-9474-1A3956D46DE8}") = "tools", "tools", "{EE6F9E81-B251-47D5-B847-D0EA8957414C}"
	ProjectSection(SolutionItems) = preProject
		tools\iis_cleanup.ps1 = tools\iis_cleanup.ps1
	EndProjectSection
EndProject
Project("{FAE04EC0-301F-11D3-BF4B-00C04F79EFBC}") = "IronFoundry", "src\IronFoundry\IronFoundry.csproj", "{506CCDF4-11FE-4138-8061-25495EEBF8E0}"
EndProject
Project("{FAE04EC0-301F-11D3-BF4B-00C04F79EFBC}") = "IronFoundry.Dea", "src\IronFoundry.Dea\IronFoundry.Dea.csproj", "{9E0B2522-39F5-4AC4-BF2F-A7C6B16C9EAA}"
EndProject
Project("{FAE04EC0-301F-11D3-BF4B-00C04F79EFBC}") = "IronFoundry.Dea.Service", "src\IronFoundry.Dea.Service\IronFoundry.Dea.Service.csproj", "{8704AF02-615E-4679-B183-FB7164408FA0}"
EndProject
Project("{930C7802-8A8C-48F9-8165-68863BCCD9DD}") = "IronFoundry.Dea.Service.Installer", "src\IronFoundry.Dea.Service.Installer\IronFoundry.Dea.Service.Installer.wixproj", "{625F78C8-657A-499B-842F-4B5589DEA8F2}"
	ProjectSection(ProjectDependencies) = postProject
		{8704AF02-615E-4679-B183-FB7164408FA0} = {8704AF02-615E-4679-B183-FB7164408FA0}
	EndProjectSection
EndProject
Project("{FAE04EC0-301F-11D3-BF4B-00C04F79EFBC}") = "IronFoundry.Ui.Controls", "src\IronFoundry.Ui.Controls\IronFoundry.Ui.Controls.csproj", "{C6E076BF-108A-4379-AE35-8F47059F4331}"
EndProject
Project("{FAE04EC0-301F-11D3-BF4B-00C04F79EFBC}") = "IronFoundry.CloudFoundryExplorer", "src\IronFoundry.CloudFoundryExplorer\IronFoundry.CloudFoundryExplorer.csproj", "{8FA37E43-3BAD-4287-B873-253A2A1AF227}"
EndProject
Project("{930C7802-8A8C-48F9-8165-68863BCCD9DD}") = "IronFoundry.CloudFoundryExplorer.Installer", "src\IronFoundry.CloudFoundryExplorer.Installer\IronFoundry.CloudFoundryExplorer.Installer.wixproj", "{A69A56DE-5151-4B0D-A9E2-0DD668EA4308}"
EndProject
Project("{FAE04EC0-301F-11D3-BF4B-00C04F79EFBC}") = "IronFoundry.Test", "src\IronFoundry.Test\IronFoundry.Test.csproj", "{34013CB7-3FF3-4061-9E45-CB6101F5977A}"
EndProject
Project("{FAE04EC0-301F-11D3-BF4B-00C04F79EFBC}") = "IronFoundry.Nats", "src\IronFoundry.Nats\IronFoundry.Nats.csproj", "{0BAC887C-9B35-4BC4-9F79-B84DB8D959E1}"
EndProject
Project("{FAE04EC0-301F-11D3-BF4B-00C04F79EFBC}") = "IronFoundry.Misc", "src\IronFoundry.Misc\IronFoundry.Misc.csproj", "{E2B80FE5-34A9-4FAF-B638-8C6B744F9F1F}"
EndProject
Project("{FAE04EC0-301F-11D3-BF4B-00C04F79EFBC}") = "IronFoundry.Bosh", "src\IronFoundry.Bosh\IronFoundry.Bosh.csproj", "{3E576C47-730B-4F05-BD03-3C9BAD7C45BA}"
EndProject
Project("{FAE04EC0-301F-11D3-BF4B-00C04F79EFBC}") = "IronFoundry.Bosh.Service", "src\IronFoundry.Bosh.Service\IronFoundry.Bosh.Service.csproj", "{E95499FC-9AEF-420E-915A-8B2C22947E83}"
EndProject
Project("{2150E333-8FDC-42A3-9474-1A3956D46DE8}") = "ui", "ui", "{63D7F4DB-A7A4-42F0-8297-88E2FA56A783}"
EndProject
Project("{2150E333-8FDC-42A3-9474-1A3956D46DE8}") = "common", "common", "{C5233252-82DC-43B8-AFE2-387CB4D70DC7}"
EndProject
Project("{2150E333-8FDC-42A3-9474-1A3956D46DE8}") = "bosh", "bosh", "{ABFF6A60-2D67-4859-A3C5-007F18E27DE2}"
EndProject
Project("{2150E333-8FDC-42A3-9474-1A3956D46DE8}") = "dea", "dea", "{8B059873-AB68-4DED-B24E-9F02223A28C5}"
EndProject
Project("{FAE04EC0-301F-11D3-BF4B-00C04F79EFBC}") = "IronFoundry.Bosh.Test", "src\IronFoundry.Bosh.Test\IronFoundry.Bosh.Test.csproj", "{38D09558-E875-40B8-B3B0-8BC9B155D12A}"
EndProject
Project("{FAE04EC0-301F-11D3-BF4B-00C04F79EFBC}") = "IronFoundry.Bosh.Monit", "src\IronFoundry.Bosh.Monit\IronFoundry.Bosh.Monit.csproj", "{3036ED5E-9E52-4927-8BE1-8C9025D29503}"
EndProject
Project("{2150E333-8FDC-42A3-9474-1A3956D46DE8}") = "warden", "warden", "{15F33796-AEC7-43E3-92D0-4AC86B5A3644}"
EndProject
Project("{FAE04EC0-301F-11D3-BF4B-00C04F79EFBC}") = "IronFoundry.Warden.Service", "src\IronFoundry.Warden.Service\IronFoundry.Warden.Service.csproj", "{84414841-E608-430B-A61C-9E933E1683F4}"
EndProject
Project("{FAE04EC0-301F-11D3-BF4B-00C04F79EFBC}") = "IronFoundry.Warden.Protocol", "src\IronFoundry.Warden.Protocol\IronFoundry.Warden.Protocol.csproj", "{DDD0537B-4AFE-4BEB-BF30-4DF0A5367A18}"
EndProject
Project("{FAE04EC0-301F-11D3-BF4B-00C04F79EFBC}") = "IronFoundry.Warden", "src\IronFoundry.Warden\IronFoundry.Warden.csproj", "{CC1C255A-A120-4D7F-B40F-C4CB3CDB193B}"
EndProject
Project("{FAE04EC0-301F-11D3-BF4B-00C04F79EFBC}") = "IronFoundry.Warden.Test", "src\IronFoundry.Warden.Test\IronFoundry.Warden.Test.csproj", "{4FFC5E57-59AB-4631-92B9-484F0353E931}"
EndProject
Project("{FAE04EC0-301F-11D3-BF4B-00C04F79EFBC}") = "IronFoundry.Warden.IISHost", "src\IronFoundry.Warden.IISHost\IronFoundry.Warden.IISHost.csproj", "{AC8AB431-5816-424B-BD9E-07B5864AC75C}"
EndProject
Project("{FAE04EC0-301F-11D3-BF4B-00C04F79EFBC}") = "IronFoundry.Warden.JobObjectTest", "src\IronFoundry.Warden.JobObjectTest\IronFoundry.Warden.JobObjectTest.csproj", "{CC1E2F0F-AADF-4D36-8164-E2EB0C359193}"
EndProject
Global
	GlobalSection(SolutionConfigurationPlatforms) = preSolution
		Debug|Any CPU = Debug|Any CPU
		Debug|Mixed Platforms = Debug|Mixed Platforms
		Debug|x64 = Debug|x64
		Debug|x86 = Debug|x86
		Release|Any CPU = Release|Any CPU
		Release|Mixed Platforms = Release|Mixed Platforms
		Release|x64 = Release|x64
		Release|x86 = Release|x86
	EndGlobalSection
	GlobalSection(ProjectConfigurationPlatforms) = postSolution
		{506CCDF4-11FE-4138-8061-25495EEBF8E0}.Debug|Any CPU.ActiveCfg = Debug|Any CPU
		{506CCDF4-11FE-4138-8061-25495EEBF8E0}.Debug|Any CPU.Build.0 = Debug|Any CPU
		{506CCDF4-11FE-4138-8061-25495EEBF8E0}.Debug|Mixed Platforms.ActiveCfg = Debug|Any CPU
		{506CCDF4-11FE-4138-8061-25495EEBF8E0}.Debug|Mixed Platforms.Build.0 = Debug|Any CPU
		{506CCDF4-11FE-4138-8061-25495EEBF8E0}.Debug|x64.ActiveCfg = Debug|Any CPU
		{506CCDF4-11FE-4138-8061-25495EEBF8E0}.Debug|x64.Build.0 = Debug|Any CPU
		{506CCDF4-11FE-4138-8061-25495EEBF8E0}.Debug|x86.ActiveCfg = Debug|Any CPU
		{506CCDF4-11FE-4138-8061-25495EEBF8E0}.Debug|x86.Build.0 = Debug|Any CPU
		{506CCDF4-11FE-4138-8061-25495EEBF8E0}.Release|Any CPU.ActiveCfg = Release|Any CPU
		{506CCDF4-11FE-4138-8061-25495EEBF8E0}.Release|Any CPU.Build.0 = Release|Any CPU
		{506CCDF4-11FE-4138-8061-25495EEBF8E0}.Release|Mixed Platforms.ActiveCfg = Release|Any CPU
		{506CCDF4-11FE-4138-8061-25495EEBF8E0}.Release|Mixed Platforms.Build.0 = Release|Any CPU
		{506CCDF4-11FE-4138-8061-25495EEBF8E0}.Release|x64.ActiveCfg = Release|Any CPU
		{506CCDF4-11FE-4138-8061-25495EEBF8E0}.Release|x64.Build.0 = Release|Any CPU
		{506CCDF4-11FE-4138-8061-25495EEBF8E0}.Release|x86.ActiveCfg = Release|Any CPU
		{506CCDF4-11FE-4138-8061-25495EEBF8E0}.Release|x86.Build.0 = Release|Any CPU
		{9E0B2522-39F5-4AC4-BF2F-A7C6B16C9EAA}.Debug|Any CPU.ActiveCfg = Debug|Any CPU
		{9E0B2522-39F5-4AC4-BF2F-A7C6B16C9EAA}.Debug|Any CPU.Build.0 = Debug|Any CPU
		{9E0B2522-39F5-4AC4-BF2F-A7C6B16C9EAA}.Debug|Mixed Platforms.ActiveCfg = Debug|Any CPU
		{9E0B2522-39F5-4AC4-BF2F-A7C6B16C9EAA}.Debug|Mixed Platforms.Build.0 = Debug|Any CPU
		{9E0B2522-39F5-4AC4-BF2F-A7C6B16C9EAA}.Debug|x64.ActiveCfg = Debug|Any CPU
		{9E0B2522-39F5-4AC4-BF2F-A7C6B16C9EAA}.Debug|x64.Build.0 = Debug|Any CPU
		{9E0B2522-39F5-4AC4-BF2F-A7C6B16C9EAA}.Debug|x86.ActiveCfg = Debug|Any CPU
		{9E0B2522-39F5-4AC4-BF2F-A7C6B16C9EAA}.Debug|x86.Build.0 = Debug|Any CPU
		{9E0B2522-39F5-4AC4-BF2F-A7C6B16C9EAA}.Release|Any CPU.ActiveCfg = Release|Any CPU
		{9E0B2522-39F5-4AC4-BF2F-A7C6B16C9EAA}.Release|Any CPU.Build.0 = Release|Any CPU
		{9E0B2522-39F5-4AC4-BF2F-A7C6B16C9EAA}.Release|Mixed Platforms.ActiveCfg = Release|Any CPU
		{9E0B2522-39F5-4AC4-BF2F-A7C6B16C9EAA}.Release|Mixed Platforms.Build.0 = Release|Any CPU
		{9E0B2522-39F5-4AC4-BF2F-A7C6B16C9EAA}.Release|x64.ActiveCfg = Release|Any CPU
		{9E0B2522-39F5-4AC4-BF2F-A7C6B16C9EAA}.Release|x64.Build.0 = Release|Any CPU
		{9E0B2522-39F5-4AC4-BF2F-A7C6B16C9EAA}.Release|x86.ActiveCfg = Release|Any CPU
		{9E0B2522-39F5-4AC4-BF2F-A7C6B16C9EAA}.Release|x86.Build.0 = Release|Any CPU
		{8704AF02-615E-4679-B183-FB7164408FA0}.Debug|Any CPU.ActiveCfg = Debug|Any CPU
		{8704AF02-615E-4679-B183-FB7164408FA0}.Debug|Any CPU.Build.0 = Debug|Any CPU
		{8704AF02-615E-4679-B183-FB7164408FA0}.Debug|Mixed Platforms.ActiveCfg = Debug|Any CPU
		{8704AF02-615E-4679-B183-FB7164408FA0}.Debug|Mixed Platforms.Build.0 = Debug|Any CPU
		{8704AF02-615E-4679-B183-FB7164408FA0}.Debug|x64.ActiveCfg = Debug|Any CPU
		{8704AF02-615E-4679-B183-FB7164408FA0}.Debug|x64.Build.0 = Debug|Any CPU
		{8704AF02-615E-4679-B183-FB7164408FA0}.Debug|x86.ActiveCfg = Debug|Any CPU
		{8704AF02-615E-4679-B183-FB7164408FA0}.Debug|x86.Build.0 = Debug|Any CPU
		{8704AF02-615E-4679-B183-FB7164408FA0}.Release|Any CPU.ActiveCfg = Release|Any CPU
		{8704AF02-615E-4679-B183-FB7164408FA0}.Release|Any CPU.Build.0 = Release|Any CPU
		{8704AF02-615E-4679-B183-FB7164408FA0}.Release|Mixed Platforms.ActiveCfg = Release|Any CPU
		{8704AF02-615E-4679-B183-FB7164408FA0}.Release|Mixed Platforms.Build.0 = Release|Any CPU
		{8704AF02-615E-4679-B183-FB7164408FA0}.Release|x64.ActiveCfg = Release|Any CPU
		{8704AF02-615E-4679-B183-FB7164408FA0}.Release|x64.Build.0 = Release|Any CPU
		{8704AF02-615E-4679-B183-FB7164408FA0}.Release|x86.ActiveCfg = Release|Any CPU
		{8704AF02-615E-4679-B183-FB7164408FA0}.Release|x86.Build.0 = Release|Any CPU
		{625F78C8-657A-499B-842F-4B5589DEA8F2}.Debug|Any CPU.ActiveCfg = Debug|x86
		{625F78C8-657A-499B-842F-4B5589DEA8F2}.Debug|Mixed Platforms.ActiveCfg = Debug|x86
		{625F78C8-657A-499B-842F-4B5589DEA8F2}.Debug|Mixed Platforms.Build.0 = Debug|x86
		{625F78C8-657A-499B-842F-4B5589DEA8F2}.Debug|x64.ActiveCfg = Debug|x64
		{625F78C8-657A-499B-842F-4B5589DEA8F2}.Debug|x86.ActiveCfg = Debug|x86
		{625F78C8-657A-499B-842F-4B5589DEA8F2}.Release|Any CPU.ActiveCfg = Release|x86
		{625F78C8-657A-499B-842F-4B5589DEA8F2}.Release|Mixed Platforms.ActiveCfg = Release|x86
		{625F78C8-657A-499B-842F-4B5589DEA8F2}.Release|Mixed Platforms.Build.0 = Release|x86
		{625F78C8-657A-499B-842F-4B5589DEA8F2}.Release|x64.ActiveCfg = Release|x64
		{625F78C8-657A-499B-842F-4B5589DEA8F2}.Release|x64.Build.0 = Release|x64
		{625F78C8-657A-499B-842F-4B5589DEA8F2}.Release|x86.ActiveCfg = Release|x86
		{625F78C8-657A-499B-842F-4B5589DEA8F2}.Release|x86.Build.0 = Release|x86
		{C6E076BF-108A-4379-AE35-8F47059F4331}.Debug|Any CPU.ActiveCfg = Debug|Any CPU
		{C6E076BF-108A-4379-AE35-8F47059F4331}.Debug|Any CPU.Build.0 = Debug|Any CPU
		{C6E076BF-108A-4379-AE35-8F47059F4331}.Debug|Mixed Platforms.ActiveCfg = Debug|Any CPU
		{C6E076BF-108A-4379-AE35-8F47059F4331}.Debug|Mixed Platforms.Build.0 = Debug|Any CPU
		{C6E076BF-108A-4379-AE35-8F47059F4331}.Debug|x64.ActiveCfg = Debug|Any CPU
		{C6E076BF-108A-4379-AE35-8F47059F4331}.Debug|x64.Build.0 = Debug|Any CPU
		{C6E076BF-108A-4379-AE35-8F47059F4331}.Debug|x86.ActiveCfg = Debug|Any CPU
		{C6E076BF-108A-4379-AE35-8F47059F4331}.Debug|x86.Build.0 = Debug|Any CPU
		{C6E076BF-108A-4379-AE35-8F47059F4331}.Release|Any CPU.ActiveCfg = Release|Any CPU
		{C6E076BF-108A-4379-AE35-8F47059F4331}.Release|Any CPU.Build.0 = Release|Any CPU
		{C6E076BF-108A-4379-AE35-8F47059F4331}.Release|Mixed Platforms.ActiveCfg = Release|Any CPU
		{C6E076BF-108A-4379-AE35-8F47059F4331}.Release|Mixed Platforms.Build.0 = Release|Any CPU
		{C6E076BF-108A-4379-AE35-8F47059F4331}.Release|x64.ActiveCfg = Release|Any CPU
		{C6E076BF-108A-4379-AE35-8F47059F4331}.Release|x64.Build.0 = Release|Any CPU
		{C6E076BF-108A-4379-AE35-8F47059F4331}.Release|x86.ActiveCfg = Release|Any CPU
		{C6E076BF-108A-4379-AE35-8F47059F4331}.Release|x86.Build.0 = Release|Any CPU
		{8FA37E43-3BAD-4287-B873-253A2A1AF227}.Debug|Any CPU.ActiveCfg = Debug|Any CPU
		{8FA37E43-3BAD-4287-B873-253A2A1AF227}.Debug|Any CPU.Build.0 = Debug|Any CPU
		{8FA37E43-3BAD-4287-B873-253A2A1AF227}.Debug|Mixed Platforms.ActiveCfg = Debug|Any CPU
		{8FA37E43-3BAD-4287-B873-253A2A1AF227}.Debug|Mixed Platforms.Build.0 = Debug|Any CPU
		{8FA37E43-3BAD-4287-B873-253A2A1AF227}.Debug|x64.ActiveCfg = Debug|Any CPU
		{8FA37E43-3BAD-4287-B873-253A2A1AF227}.Debug|x64.Build.0 = Debug|Any CPU
		{8FA37E43-3BAD-4287-B873-253A2A1AF227}.Debug|x86.ActiveCfg = Debug|Any CPU
		{8FA37E43-3BAD-4287-B873-253A2A1AF227}.Debug|x86.Build.0 = Debug|Any CPU
		{8FA37E43-3BAD-4287-B873-253A2A1AF227}.Release|Any CPU.ActiveCfg = Release|Any CPU
		{8FA37E43-3BAD-4287-B873-253A2A1AF227}.Release|Any CPU.Build.0 = Release|Any CPU
		{8FA37E43-3BAD-4287-B873-253A2A1AF227}.Release|Mixed Platforms.ActiveCfg = Release|Any CPU
		{8FA37E43-3BAD-4287-B873-253A2A1AF227}.Release|Mixed Platforms.Build.0 = Release|Any CPU
		{8FA37E43-3BAD-4287-B873-253A2A1AF227}.Release|x64.ActiveCfg = Release|Any CPU
		{8FA37E43-3BAD-4287-B873-253A2A1AF227}.Release|x64.Build.0 = Release|Any CPU
		{8FA37E43-3BAD-4287-B873-253A2A1AF227}.Release|x86.ActiveCfg = Release|Any CPU
		{8FA37E43-3BAD-4287-B873-253A2A1AF227}.Release|x86.Build.0 = Release|Any CPU
		{A69A56DE-5151-4B0D-A9E2-0DD668EA4308}.Debug|Any CPU.ActiveCfg = Debug|x86
		{A69A56DE-5151-4B0D-A9E2-0DD668EA4308}.Debug|Mixed Platforms.ActiveCfg = Debug|x86
		{A69A56DE-5151-4B0D-A9E2-0DD668EA4308}.Debug|Mixed Platforms.Build.0 = Debug|x86
		{A69A56DE-5151-4B0D-A9E2-0DD668EA4308}.Debug|x64.ActiveCfg = Debug|x64
		{A69A56DE-5151-4B0D-A9E2-0DD668EA4308}.Debug|x86.ActiveCfg = Debug|x86
		{A69A56DE-5151-4B0D-A9E2-0DD668EA4308}.Release|Any CPU.ActiveCfg = Release|x86
		{A69A56DE-5151-4B0D-A9E2-0DD668EA4308}.Release|Mixed Platforms.ActiveCfg = Release|x86
		{A69A56DE-5151-4B0D-A9E2-0DD668EA4308}.Release|Mixed Platforms.Build.0 = Release|x86
		{A69A56DE-5151-4B0D-A9E2-0DD668EA4308}.Release|x64.ActiveCfg = Release|x64
		{A69A56DE-5151-4B0D-A9E2-0DD668EA4308}.Release|x64.Build.0 = Release|x64
		{A69A56DE-5151-4B0D-A9E2-0DD668EA4308}.Release|x86.ActiveCfg = Release|x86
		{A69A56DE-5151-4B0D-A9E2-0DD668EA4308}.Release|x86.Build.0 = Release|x86
		{34013CB7-3FF3-4061-9E45-CB6101F5977A}.Debug|Any CPU.ActiveCfg = Debug|Any CPU
		{34013CB7-3FF3-4061-9E45-CB6101F5977A}.Debug|Any CPU.Build.0 = Debug|Any CPU
		{34013CB7-3FF3-4061-9E45-CB6101F5977A}.Debug|Mixed Platforms.ActiveCfg = Debug|Any CPU
		{34013CB7-3FF3-4061-9E45-CB6101F5977A}.Debug|Mixed Platforms.Build.0 = Debug|Any CPU
		{34013CB7-3FF3-4061-9E45-CB6101F5977A}.Debug|x64.ActiveCfg = Debug|Any CPU
		{34013CB7-3FF3-4061-9E45-CB6101F5977A}.Debug|x64.Build.0 = Debug|Any CPU
		{34013CB7-3FF3-4061-9E45-CB6101F5977A}.Debug|x86.ActiveCfg = Debug|Any CPU
		{34013CB7-3FF3-4061-9E45-CB6101F5977A}.Debug|x86.Build.0 = Debug|Any CPU
		{34013CB7-3FF3-4061-9E45-CB6101F5977A}.Release|Any CPU.ActiveCfg = Release|Any CPU
		{34013CB7-3FF3-4061-9E45-CB6101F5977A}.Release|Any CPU.Build.0 = Release|Any CPU
		{34013CB7-3FF3-4061-9E45-CB6101F5977A}.Release|Mixed Platforms.ActiveCfg = Release|Any CPU
		{34013CB7-3FF3-4061-9E45-CB6101F5977A}.Release|Mixed Platforms.Build.0 = Release|Any CPU
		{34013CB7-3FF3-4061-9E45-CB6101F5977A}.Release|x64.ActiveCfg = Release|Any CPU
		{34013CB7-3FF3-4061-9E45-CB6101F5977A}.Release|x86.ActiveCfg = Release|Any CPU
		{0BAC887C-9B35-4BC4-9F79-B84DB8D959E1}.Debug|Any CPU.ActiveCfg = Debug|Any CPU
		{0BAC887C-9B35-4BC4-9F79-B84DB8D959E1}.Debug|Any CPU.Build.0 = Debug|Any CPU
		{0BAC887C-9B35-4BC4-9F79-B84DB8D959E1}.Debug|Mixed Platforms.ActiveCfg = Debug|Any CPU
		{0BAC887C-9B35-4BC4-9F79-B84DB8D959E1}.Debug|Mixed Platforms.Build.0 = Debug|Any CPU
		{0BAC887C-9B35-4BC4-9F79-B84DB8D959E1}.Debug|x64.ActiveCfg = Debug|Any CPU
		{0BAC887C-9B35-4BC4-9F79-B84DB8D959E1}.Debug|x64.Build.0 = Debug|Any CPU
		{0BAC887C-9B35-4BC4-9F79-B84DB8D959E1}.Debug|x86.ActiveCfg = Debug|Any CPU
		{0BAC887C-9B35-4BC4-9F79-B84DB8D959E1}.Debug|x86.Build.0 = Debug|Any CPU
		{0BAC887C-9B35-4BC4-9F79-B84DB8D959E1}.Release|Any CPU.ActiveCfg = Release|Any CPU
		{0BAC887C-9B35-4BC4-9F79-B84DB8D959E1}.Release|Any CPU.Build.0 = Release|Any CPU
		{0BAC887C-9B35-4BC4-9F79-B84DB8D959E1}.Release|Mixed Platforms.ActiveCfg = Release|Any CPU
		{0BAC887C-9B35-4BC4-9F79-B84DB8D959E1}.Release|Mixed Platforms.Build.0 = Release|Any CPU
		{0BAC887C-9B35-4BC4-9F79-B84DB8D959E1}.Release|x64.ActiveCfg = Release|Any CPU
		{0BAC887C-9B35-4BC4-9F79-B84DB8D959E1}.Release|x64.Build.0 = Release|Any CPU
		{0BAC887C-9B35-4BC4-9F79-B84DB8D959E1}.Release|x86.ActiveCfg = Release|Any CPU
		{0BAC887C-9B35-4BC4-9F79-B84DB8D959E1}.Release|x86.Build.0 = Release|Any CPU
		{E2B80FE5-34A9-4FAF-B638-8C6B744F9F1F}.Debug|Any CPU.ActiveCfg = Debug|Any CPU
		{E2B80FE5-34A9-4FAF-B638-8C6B744F9F1F}.Debug|Any CPU.Build.0 = Debug|Any CPU
		{E2B80FE5-34A9-4FAF-B638-8C6B744F9F1F}.Debug|Mixed Platforms.ActiveCfg = Debug|Any CPU
		{E2B80FE5-34A9-4FAF-B638-8C6B744F9F1F}.Debug|Mixed Platforms.Build.0 = Debug|Any CPU
		{E2B80FE5-34A9-4FAF-B638-8C6B744F9F1F}.Debug|x64.ActiveCfg = Debug|Any CPU
		{E2B80FE5-34A9-4FAF-B638-8C6B744F9F1F}.Debug|x64.Build.0 = Debug|Any CPU
		{E2B80FE5-34A9-4FAF-B638-8C6B744F9F1F}.Debug|x86.ActiveCfg = Debug|Any CPU
		{E2B80FE5-34A9-4FAF-B638-8C6B744F9F1F}.Debug|x86.Build.0 = Debug|Any CPU
		{E2B80FE5-34A9-4FAF-B638-8C6B744F9F1F}.Release|Any CPU.ActiveCfg = Release|Any CPU
		{E2B80FE5-34A9-4FAF-B638-8C6B744F9F1F}.Release|Any CPU.Build.0 = Release|Any CPU
		{E2B80FE5-34A9-4FAF-B638-8C6B744F9F1F}.Release|Mixed Platforms.ActiveCfg = Release|Any CPU
		{E2B80FE5-34A9-4FAF-B638-8C6B744F9F1F}.Release|Mixed Platforms.Build.0 = Release|Any CPU
		{E2B80FE5-34A9-4FAF-B638-8C6B744F9F1F}.Release|x64.ActiveCfg = Release|Any CPU
		{E2B80FE5-34A9-4FAF-B638-8C6B744F9F1F}.Release|x64.Build.0 = Release|Any CPU
		{E2B80FE5-34A9-4FAF-B638-8C6B744F9F1F}.Release|x86.ActiveCfg = Release|Any CPU
		{E2B80FE5-34A9-4FAF-B638-8C6B744F9F1F}.Release|x86.Build.0 = Release|Any CPU
		{3E576C47-730B-4F05-BD03-3C9BAD7C45BA}.Debug|Any CPU.ActiveCfg = Debug|Any CPU
		{3E576C47-730B-4F05-BD03-3C9BAD7C45BA}.Debug|Any CPU.Build.0 = Debug|Any CPU
		{3E576C47-730B-4F05-BD03-3C9BAD7C45BA}.Debug|Mixed Platforms.ActiveCfg = Debug|Any CPU
		{3E576C47-730B-4F05-BD03-3C9BAD7C45BA}.Debug|Mixed Platforms.Build.0 = Debug|Any CPU
		{3E576C47-730B-4F05-BD03-3C9BAD7C45BA}.Debug|x64.ActiveCfg = Debug|Any CPU
		{3E576C47-730B-4F05-BD03-3C9BAD7C45BA}.Debug|x64.Build.0 = Debug|Any CPU
		{3E576C47-730B-4F05-BD03-3C9BAD7C45BA}.Debug|x86.ActiveCfg = Debug|Any CPU
		{3E576C47-730B-4F05-BD03-3C9BAD7C45BA}.Debug|x86.Build.0 = Debug|Any CPU
		{3E576C47-730B-4F05-BD03-3C9BAD7C45BA}.Release|Any CPU.ActiveCfg = Release|Any CPU
		{3E576C47-730B-4F05-BD03-3C9BAD7C45BA}.Release|Any CPU.Build.0 = Release|Any CPU
		{3E576C47-730B-4F05-BD03-3C9BAD7C45BA}.Release|Mixed Platforms.ActiveCfg = Release|Any CPU
		{3E576C47-730B-4F05-BD03-3C9BAD7C45BA}.Release|Mixed Platforms.Build.0 = Release|Any CPU
		{3E576C47-730B-4F05-BD03-3C9BAD7C45BA}.Release|x64.ActiveCfg = Release|Any CPU
		{3E576C47-730B-4F05-BD03-3C9BAD7C45BA}.Release|x64.Build.0 = Release|Any CPU
		{3E576C47-730B-4F05-BD03-3C9BAD7C45BA}.Release|x86.ActiveCfg = Release|Any CPU
		{3E576C47-730B-4F05-BD03-3C9BAD7C45BA}.Release|x86.Build.0 = Release|Any CPU
		{E95499FC-9AEF-420E-915A-8B2C22947E83}.Debug|Any CPU.ActiveCfg = Debug|Any CPU
		{E95499FC-9AEF-420E-915A-8B2C22947E83}.Debug|Any CPU.Build.0 = Debug|Any CPU
		{E95499FC-9AEF-420E-915A-8B2C22947E83}.Debug|Mixed Platforms.ActiveCfg = Debug|Any CPU
		{E95499FC-9AEF-420E-915A-8B2C22947E83}.Debug|Mixed Platforms.Build.0 = Debug|Any CPU
		{E95499FC-9AEF-420E-915A-8B2C22947E83}.Debug|x64.ActiveCfg = Debug|Any CPU
		{E95499FC-9AEF-420E-915A-8B2C22947E83}.Debug|x64.Build.0 = Debug|Any CPU
		{E95499FC-9AEF-420E-915A-8B2C22947E83}.Debug|x86.ActiveCfg = Debug|Any CPU
		{E95499FC-9AEF-420E-915A-8B2C22947E83}.Debug|x86.Build.0 = Debug|Any CPU
		{E95499FC-9AEF-420E-915A-8B2C22947E83}.Release|Any CPU.ActiveCfg = Release|Any CPU
		{E95499FC-9AEF-420E-915A-8B2C22947E83}.Release|Any CPU.Build.0 = Release|Any CPU
		{E95499FC-9AEF-420E-915A-8B2C22947E83}.Release|Mixed Platforms.ActiveCfg = Release|Any CPU
		{E95499FC-9AEF-420E-915A-8B2C22947E83}.Release|Mixed Platforms.Build.0 = Release|Any CPU
		{E95499FC-9AEF-420E-915A-8B2C22947E83}.Release|x64.ActiveCfg = Release|Any CPU
		{E95499FC-9AEF-420E-915A-8B2C22947E83}.Release|x64.Build.0 = Release|Any CPU
		{E95499FC-9AEF-420E-915A-8B2C22947E83}.Release|x86.ActiveCfg = Release|Any CPU
		{E95499FC-9AEF-420E-915A-8B2C22947E83}.Release|x86.Build.0 = Release|Any CPU
		{38D09558-E875-40B8-B3B0-8BC9B155D12A}.Debug|Any CPU.ActiveCfg = Debug|Any CPU
		{38D09558-E875-40B8-B3B0-8BC9B155D12A}.Debug|Any CPU.Build.0 = Debug|Any CPU
		{38D09558-E875-40B8-B3B0-8BC9B155D12A}.Debug|Mixed Platforms.ActiveCfg = Debug|Any CPU
		{38D09558-E875-40B8-B3B0-8BC9B155D12A}.Debug|Mixed Platforms.Build.0 = Debug|Any CPU
		{38D09558-E875-40B8-B3B0-8BC9B155D12A}.Debug|x64.ActiveCfg = Debug|Any CPU
		{38D09558-E875-40B8-B3B0-8BC9B155D12A}.Debug|x64.Build.0 = Debug|Any CPU
		{38D09558-E875-40B8-B3B0-8BC9B155D12A}.Debug|x86.ActiveCfg = Debug|Any CPU
		{38D09558-E875-40B8-B3B0-8BC9B155D12A}.Release|Any CPU.ActiveCfg = Release|Any CPU
		{38D09558-E875-40B8-B3B0-8BC9B155D12A}.Release|Any CPU.Build.0 = Release|Any CPU
		{38D09558-E875-40B8-B3B0-8BC9B155D12A}.Release|Mixed Platforms.ActiveCfg = Release|Any CPU
		{38D09558-E875-40B8-B3B0-8BC9B155D12A}.Release|Mixed Platforms.Build.0 = Release|Any CPU
		{38D09558-E875-40B8-B3B0-8BC9B155D12A}.Release|x64.ActiveCfg = Release|Any CPU
		{38D09558-E875-40B8-B3B0-8BC9B155D12A}.Release|x86.ActiveCfg = Release|Any CPU
		{3036ED5E-9E52-4927-8BE1-8C9025D29503}.Debug|Any CPU.ActiveCfg = Debug|Any CPU
		{3036ED5E-9E52-4927-8BE1-8C9025D29503}.Debug|Any CPU.Build.0 = Debug|Any CPU
		{3036ED5E-9E52-4927-8BE1-8C9025D29503}.Debug|Mixed Platforms.ActiveCfg = Debug|Any CPU
		{3036ED5E-9E52-4927-8BE1-8C9025D29503}.Debug|Mixed Platforms.Build.0 = Debug|Any CPU
		{3036ED5E-9E52-4927-8BE1-8C9025D29503}.Debug|x64.ActiveCfg = Debug|Any CPU
		{3036ED5E-9E52-4927-8BE1-8C9025D29503}.Debug|x64.Build.0 = Debug|Any CPU
		{3036ED5E-9E52-4927-8BE1-8C9025D29503}.Debug|x86.ActiveCfg = Debug|Any CPU
		{3036ED5E-9E52-4927-8BE1-8C9025D29503}.Debug|x86.Build.0 = Debug|Any CPU
		{3036ED5E-9E52-4927-8BE1-8C9025D29503}.Release|Any CPU.ActiveCfg = Release|Any CPU
		{3036ED5E-9E52-4927-8BE1-8C9025D29503}.Release|Any CPU.Build.0 = Release|Any CPU
		{3036ED5E-9E52-4927-8BE1-8C9025D29503}.Release|Mixed Platforms.ActiveCfg = Release|Any CPU
		{3036ED5E-9E52-4927-8BE1-8C9025D29503}.Release|Mixed Platforms.Build.0 = Release|Any CPU
		{3036ED5E-9E52-4927-8BE1-8C9025D29503}.Release|x64.ActiveCfg = Release|Any CPU
		{3036ED5E-9E52-4927-8BE1-8C9025D29503}.Release|x64.Build.0 = Release|Any CPU
		{3036ED5E-9E52-4927-8BE1-8C9025D29503}.Release|x86.ActiveCfg = Release|Any CPU
		{3036ED5E-9E52-4927-8BE1-8C9025D29503}.Release|x86.Build.0 = Release|Any CPU
		{84414841-E608-430B-A61C-9E933E1683F4}.Debug|Any CPU.ActiveCfg = Debug|Any CPU
		{84414841-E608-430B-A61C-9E933E1683F4}.Debug|Any CPU.Build.0 = Debug|Any CPU
		{84414841-E608-430B-A61C-9E933E1683F4}.Debug|Mixed Platforms.ActiveCfg = Debug|Any CPU
		{84414841-E608-430B-A61C-9E933E1683F4}.Debug|Mixed Platforms.Build.0 = Debug|Any CPU
		{84414841-E608-430B-A61C-9E933E1683F4}.Debug|x64.ActiveCfg = Debug|Any CPU
		{84414841-E608-430B-A61C-9E933E1683F4}.Debug|x64.Build.0 = Debug|Any CPU
		{84414841-E608-430B-A61C-9E933E1683F4}.Debug|x86.ActiveCfg = Debug|Any CPU
		{84414841-E608-430B-A61C-9E933E1683F4}.Debug|x86.Build.0 = Debug|Any CPU
		{84414841-E608-430B-A61C-9E933E1683F4}.Release|Any CPU.ActiveCfg = Release|Any CPU
		{84414841-E608-430B-A61C-9E933E1683F4}.Release|Any CPU.Build.0 = Release|Any CPU
		{84414841-E608-430B-A61C-9E933E1683F4}.Release|Mixed Platforms.ActiveCfg = Release|Any CPU
		{84414841-E608-430B-A61C-9E933E1683F4}.Release|Mixed Platforms.Build.0 = Release|Any CPU
		{84414841-E608-430B-A61C-9E933E1683F4}.Release|x64.ActiveCfg = Release|Any CPU
		{84414841-E608-430B-A61C-9E933E1683F4}.Release|x64.Build.0 = Release|Any CPU
		{84414841-E608-430B-A61C-9E933E1683F4}.Release|x86.ActiveCfg = Release|Any CPU
		{84414841-E608-430B-A61C-9E933E1683F4}.Release|x86.Build.0 = Release|Any CPU
		{DDD0537B-4AFE-4BEB-BF30-4DF0A5367A18}.Debug|Any CPU.ActiveCfg = Debug|Any CPU
		{DDD0537B-4AFE-4BEB-BF30-4DF0A5367A18}.Debug|Any CPU.Build.0 = Debug|Any CPU
		{DDD0537B-4AFE-4BEB-BF30-4DF0A5367A18}.Debug|Mixed Platforms.ActiveCfg = Debug|Any CPU
		{DDD0537B-4AFE-4BEB-BF30-4DF0A5367A18}.Debug|Mixed Platforms.Build.0 = Debug|Any CPU
		{DDD0537B-4AFE-4BEB-BF30-4DF0A5367A18}.Debug|x64.ActiveCfg = Debug|Any CPU
		{DDD0537B-4AFE-4BEB-BF30-4DF0A5367A18}.Debug|x64.Build.0 = Debug|Any CPU
		{DDD0537B-4AFE-4BEB-BF30-4DF0A5367A18}.Debug|x86.ActiveCfg = Debug|Any CPU
		{DDD0537B-4AFE-4BEB-BF30-4DF0A5367A18}.Debug|x86.Build.0 = Debug|Any CPU
		{DDD0537B-4AFE-4BEB-BF30-4DF0A5367A18}.Release|Any CPU.ActiveCfg = Release|Any CPU
		{DDD0537B-4AFE-4BEB-BF30-4DF0A5367A18}.Release|Any CPU.Build.0 = Release|Any CPU
		{DDD0537B-4AFE-4BEB-BF30-4DF0A5367A18}.Release|Mixed Platforms.ActiveCfg = Release|Any CPU
		{DDD0537B-4AFE-4BEB-BF30-4DF0A5367A18}.Release|Mixed Platforms.Build.0 = Release|Any CPU
		{DDD0537B-4AFE-4BEB-BF30-4DF0A5367A18}.Release|x64.ActiveCfg = Release|Any CPU
		{DDD0537B-4AFE-4BEB-BF30-4DF0A5367A18}.Release|x64.Build.0 = Release|Any CPU
		{DDD0537B-4AFE-4BEB-BF30-4DF0A5367A18}.Release|x86.ActiveCfg = Release|Any CPU
		{DDD0537B-4AFE-4BEB-BF30-4DF0A5367A18}.Release|x86.Build.0 = Release|Any CPU
		{CC1C255A-A120-4D7F-B40F-C4CB3CDB193B}.Debug|Any CPU.ActiveCfg = Debug|Any CPU
		{CC1C255A-A120-4D7F-B40F-C4CB3CDB193B}.Debug|Any CPU.Build.0 = Debug|Any CPU
		{CC1C255A-A120-4D7F-B40F-C4CB3CDB193B}.Debug|Mixed Platforms.ActiveCfg = Debug|Any CPU
		{CC1C255A-A120-4D7F-B40F-C4CB3CDB193B}.Debug|Mixed Platforms.Build.0 = Debug|Any CPU
		{CC1C255A-A120-4D7F-B40F-C4CB3CDB193B}.Debug|x64.ActiveCfg = Debug|Any CPU
		{CC1C255A-A120-4D7F-B40F-C4CB3CDB193B}.Debug|x64.Build.0 = Debug|Any CPU
		{CC1C255A-A120-4D7F-B40F-C4CB3CDB193B}.Debug|x86.ActiveCfg = Debug|Any CPU
		{CC1C255A-A120-4D7F-B40F-C4CB3CDB193B}.Debug|x86.Build.0 = Debug|Any CPU
		{CC1C255A-A120-4D7F-B40F-C4CB3CDB193B}.Release|Any CPU.ActiveCfg = Release|Any CPU
		{CC1C255A-A120-4D7F-B40F-C4CB3CDB193B}.Release|Any CPU.Build.0 = Release|Any CPU
		{CC1C255A-A120-4D7F-B40F-C4CB3CDB193B}.Release|Mixed Platforms.ActiveCfg = Release|Any CPU
		{CC1C255A-A120-4D7F-B40F-C4CB3CDB193B}.Release|Mixed Platforms.Build.0 = Release|Any CPU
		{CC1C255A-A120-4D7F-B40F-C4CB3CDB193B}.Release|x64.ActiveCfg = Release|Any CPU
		{CC1C255A-A120-4D7F-B40F-C4CB3CDB193B}.Release|x64.Build.0 = Release|Any CPU
		{CC1C255A-A120-4D7F-B40F-C4CB3CDB193B}.Release|x86.ActiveCfg = Release|Any CPU
		{CC1C255A-A120-4D7F-B40F-C4CB3CDB193B}.Release|x86.Build.0 = Release|Any CPU
		{4FFC5E57-59AB-4631-92B9-484F0353E931}.Debug|Any CPU.ActiveCfg = Debug|Any CPU
		{4FFC5E57-59AB-4631-92B9-484F0353E931}.Debug|Any CPU.Build.0 = Debug|Any CPU
		{4FFC5E57-59AB-4631-92B9-484F0353E931}.Debug|Mixed Platforms.ActiveCfg = Debug|Any CPU
		{4FFC5E57-59AB-4631-92B9-484F0353E931}.Debug|Mixed Platforms.Build.0 = Debug|Any CPU
		{4FFC5E57-59AB-4631-92B9-484F0353E931}.Debug|x64.ActiveCfg = Debug|Any CPU
		{4FFC5E57-59AB-4631-92B9-484F0353E931}.Debug|x64.Build.0 = Debug|Any CPU
		{4FFC5E57-59AB-4631-92B9-484F0353E931}.Debug|x86.ActiveCfg = Debug|Any CPU
		{4FFC5E57-59AB-4631-92B9-484F0353E931}.Debug|x86.Build.0 = Debug|Any CPU
		{4FFC5E57-59AB-4631-92B9-484F0353E931}.Release|Any CPU.ActiveCfg = Release|Any CPU
		{4FFC5E57-59AB-4631-92B9-484F0353E931}.Release|Any CPU.Build.0 = Release|Any CPU
		{4FFC5E57-59AB-4631-92B9-484F0353E931}.Release|Mixed Platforms.ActiveCfg = Release|Any CPU
		{4FFC5E57-59AB-4631-92B9-484F0353E931}.Release|Mixed Platforms.Build.0 = Release|Any CPU
		{4FFC5E57-59AB-4631-92B9-484F0353E931}.Release|x64.ActiveCfg = Release|Any CPU
		{4FFC5E57-59AB-4631-92B9-484F0353E931}.Release|x86.ActiveCfg = Release|Any CPU
		{AC8AB431-5816-424B-BD9E-07B5864AC75C}.Debug|Any CPU.ActiveCfg = Debug|Any CPU
		{AC8AB431-5816-424B-BD9E-07B5864AC75C}.Debug|Any CPU.Build.0 = Debug|Any CPU
		{AC8AB431-5816-424B-BD9E-07B5864AC75C}.Debug|Mixed Platforms.ActiveCfg = Debug|Any CPU
		{AC8AB431-5816-424B-BD9E-07B5864AC75C}.Debug|Mixed Platforms.Build.0 = Debug|Any CPU
		{AC8AB431-5816-424B-BD9E-07B5864AC75C}.Debug|x64.ActiveCfg = Debug|Any CPU
		{AC8AB431-5816-424B-BD9E-07B5864AC75C}.Debug|x64.Build.0 = Debug|Any CPU
		{AC8AB431-5816-424B-BD9E-07B5864AC75C}.Debug|x86.ActiveCfg = Debug|Any CPU
		{AC8AB431-5816-424B-BD9E-07B5864AC75C}.Debug|x86.Build.0 = Debug|Any CPU
		{AC8AB431-5816-424B-BD9E-07B5864AC75C}.Release|Any CPU.ActiveCfg = Release|Any CPU
		{AC8AB431-5816-424B-BD9E-07B5864AC75C}.Release|Any CPU.Build.0 = Release|Any CPU
		{AC8AB431-5816-424B-BD9E-07B5864AC75C}.Release|Mixed Platforms.ActiveCfg = Release|Any CPU
		{AC8AB431-5816-424B-BD9E-07B5864AC75C}.Release|Mixed Platforms.Build.0 = Release|Any CPU
		{AC8AB431-5816-424B-BD9E-07B5864AC75C}.Release|x64.ActiveCfg = Release|Any CPU
		{AC8AB431-5816-424B-BD9E-07B5864AC75C}.Release|x64.Build.0 = Release|Any CPU
		{AC8AB431-5816-424B-BD9E-07B5864AC75C}.Release|x86.ActiveCfg = Release|Any CPU
		{AC8AB431-5816-424B-BD9E-07B5864AC75C}.Release|x86.Build.0 = Release|Any CPU
		{CC1E2F0F-AADF-4D36-8164-E2EB0C359193}.Debug|Any CPU.ActiveCfg = Debug|Any CPU
		{CC1E2F0F-AADF-4D36-8164-E2EB0C359193}.Debug|Any CPU.Build.0 = Debug|Any CPU
		{CC1E2F0F-AADF-4D36-8164-E2EB0C359193}.Debug|Mixed Platforms.ActiveCfg = Debug|Any CPU
		{CC1E2F0F-AADF-4D36-8164-E2EB0C359193}.Debug|Mixed Platforms.Build.0 = Debug|Any CPU
		{CC1E2F0F-AADF-4D36-8164-E2EB0C359193}.Debug|x64.ActiveCfg = Debug|Any CPU
		{CC1E2F0F-AADF-4D36-8164-E2EB0C359193}.Debug|x86.ActiveCfg = Debug|Any CPU
		{CC1E2F0F-AADF-4D36-8164-E2EB0C359193}.Release|Any CPU.ActiveCfg = Release|Any CPU
		{CC1E2F0F-AADF-4D36-8164-E2EB0C359193}.Release|Any CPU.Build.0 = Release|Any CPU
		{CC1E2F0F-AADF-4D36-8164-E2EB0C359193}.Release|Mixed Platforms.ActiveCfg = Release|Any CPU
		{CC1E2F0F-AADF-4D36-8164-E2EB0C359193}.Release|Mixed Platforms.Build.0 = Release|Any CPU
		{CC1E2F0F-AADF-4D36-8164-E2EB0C359193}.Release|x64.ActiveCfg = Release|Any CPU
		{CC1E2F0F-AADF-4D36-8164-E2EB0C359193}.Release|x86.ActiveCfg = Release|Any CPU
	EndGlobalSection
	GlobalSection(SolutionProperties) = preSolution
		HideSolutionNode = FALSE
	EndGlobalSection
	GlobalSection(NestedProjects) = preSolution
		{C5233252-82DC-43B8-AFE2-387CB4D70DC7} = {612435DA-4BBF-49B5-B0AA-36E6529C1D8B}
		{8B059873-AB68-4DED-B24E-9F02223A28C5} = {612435DA-4BBF-49B5-B0AA-36E6529C1D8B}
		{63D7F4DB-A7A4-42F0-8297-88E2FA56A783} = {612435DA-4BBF-49B5-B0AA-36E6529C1D8B}
		{ABFF6A60-2D67-4859-A3C5-007F18E27DE2} = {612435DA-4BBF-49B5-B0AA-36E6529C1D8B}
		{15F33796-AEC7-43E3-92D0-4AC86B5A3644} = {612435DA-4BBF-49B5-B0AA-36E6529C1D8B}
		{34013CB7-3FF3-4061-9E45-CB6101F5977A} = {9E04D2BE-86B8-47B9-809D-84506CFDF42D}
		{38D09558-E875-40B8-B3B0-8BC9B155D12A} = {9E04D2BE-86B8-47B9-809D-84506CFDF42D}
		{4FFC5E57-59AB-4631-92B9-484F0353E931} = {9E04D2BE-86B8-47B9-809D-84506CFDF42D}
		{CC1E2F0F-AADF-4D36-8164-E2EB0C359193} = {9E04D2BE-86B8-47B9-809D-84506CFDF42D}
		{0BAC887C-9B35-4BC4-9F79-B84DB8D959E1} = {C5233252-82DC-43B8-AFE2-387CB4D70DC7}
		{E2B80FE5-34A9-4FAF-B638-8C6B744F9F1F} = {C5233252-82DC-43B8-AFE2-387CB4D70DC7}
		{506CCDF4-11FE-4138-8061-25495EEBF8E0} = {C5233252-82DC-43B8-AFE2-387CB4D70DC7}
		{8704AF02-615E-4679-B183-FB7164408FA0} = {8B059873-AB68-4DED-B24E-9F02223A28C5}
		{625F78C8-657A-499B-842F-4B5589DEA8F2} = {8B059873-AB68-4DED-B24E-9F02223A28C5}
		{9E0B2522-39F5-4AC4-BF2F-A7C6B16C9EAA} = {8B059873-AB68-4DED-B24E-9F02223A28C5}
		{8FA37E43-3BAD-4287-B873-253A2A1AF227} = {63D7F4DB-A7A4-42F0-8297-88E2FA56A783}
		{A69A56DE-5151-4B0D-A9E2-0DD668EA4308} = {63D7F4DB-A7A4-42F0-8297-88E2FA56A783}
		{C6E076BF-108A-4379-AE35-8F47059F4331} = {63D7F4DB-A7A4-42F0-8297-88E2FA56A783}
		{E95499FC-9AEF-420E-915A-8B2C22947E83} = {ABFF6A60-2D67-4859-A3C5-007F18E27DE2}
		{3E576C47-730B-4F05-BD03-3C9BAD7C45BA} = {ABFF6A60-2D67-4859-A3C5-007F18E27DE2}
		{3036ED5E-9E52-4927-8BE1-8C9025D29503} = {ABFF6A60-2D67-4859-A3C5-007F18E27DE2}
		{84414841-E608-430B-A61C-9E933E1683F4} = {15F33796-AEC7-43E3-92D0-4AC86B5A3644}
		{DDD0537B-4AFE-4BEB-BF30-4DF0A5367A18} = {15F33796-AEC7-43E3-92D0-4AC86B5A3644}
		{CC1C255A-A120-4D7F-B40F-C4CB3CDB193B} = {15F33796-AEC7-43E3-92D0-4AC86B5A3644}
		{AC8AB431-5816-424B-BD9E-07B5864AC75C} = {15F33796-AEC7-43E3-92D0-4AC86B5A3644}
	EndGlobalSection
EndGlobal
